
Microsoft Visual Studio Solution File, Format Version 12.00
# Visual Studio 15
VisualStudioVersion = 15.0.26124.0
MinimumVisualStudioVersion = 15.0.26124.0
Project("{FAE04EC0-301F-11D3-BF4B-00C04F79EFBC}") = "NCoreUtils.Images.WebService.Shared", "NCoreUtils.Images.WebService.Shared\NCoreUtils.Images.WebService.Shared.csproj", "{15111554-5351-4709-8715-B0674DE63157}"
EndProject
Project("{FAE04EC0-301F-11D3-BF4B-00C04F79EFBC}") = "NCoreUtils.Images.WebService.Client", "NCoreUtils.Images.WebService.Client\NCoreUtils.Images.WebService.Client.csproj", "{8A6D425D-43D1-4CE1-B4D2-F69278AC47A4}"
EndProject
Project("{FAE04EC0-301F-11D3-BF4B-00C04F79EFBC}") = "NCoreUtils.Images.WebService", "NCoreUtils.Images.WebService\NCoreUtils.Images.WebService.csproj", "{6C7663BC-26FD-4C36-90EC-72FFAB22BBA2}"
EndProject
Project("{FAE04EC0-301F-11D3-BF4B-00C04F79EFBC}") = "NCoreUtils.Images.Function", "NCoreUtils.Images.Function\NCoreUtils.Images.Function.csproj", "{D341CC4F-FC73-464F-8785-5B31C9FD54BC}"
EndProject
Project("{FAE04EC0-301F-11D3-BF4B-00C04F79EFBC}") = "NCoreUtils.Images.WebService.Core", "NCoreUtils.Images.WebService.Core\NCoreUtils.Images.WebService.Core.csproj", "{4033A57B-69C4-44DE-9987-F26DEB9B1E98}"
EndProject
Project("{FAE04EC0-301F-11D3-BF4B-00C04F79EFBC}") = "NCoreUtils.Images.WebService.GoogleCloudRun", "NCoreUtils.Images.WebService.GoogleCloudRun\NCoreUtils.Images.WebService.GoogleCloudRun.csproj", "{441214A2-2736-48BB-95A0-0DE1234E99C6}"
EndProject
Global
	GlobalSection(SolutionConfigurationPlatforms) = preSolution
		Debug|x64 = Debug|x64
		Release|x64 = Release|x64
	EndGlobalSection
	GlobalSection(SolutionProperties) = preSolution
		HideSolutionNode = FALSE
	EndGlobalSection
	GlobalSection(ProjectConfigurationPlatforms) = postSolution
		{15111554-5351-4709-8715-B0674DE63157}.Debug|x64.ActiveCfg = Debug|Any CPU
		{15111554-5351-4709-8715-B0674DE63157}.Debug|x64.Build.0 = Debug|Any CPU
		{15111554-5351-4709-8715-B0674DE63157}.Release|x64.ActiveCfg = Release|Any CPU
		{15111554-5351-4709-8715-B0674DE63157}.Release|x64.Build.0 = Release|Any CPU
		{8A6D425D-43D1-4CE1-B4D2-F69278AC47A4}.Debug|x64.ActiveCfg = Debug|Any CPU
		{8A6D425D-43D1-4CE1-B4D2-F69278AC47A4}.Debug|x64.Build.0 = Debug|Any CPU
		{8A6D425D-43D1-4CE1-B4D2-F69278AC47A4}.Release|x64.ActiveCfg = Release|Any CPU
		{8A6D425D-43D1-4CE1-B4D2-F69278AC47A4}.Release|x64.Build.0 = Release|Any CPU
		{6C7663BC-26FD-4C36-90EC-72FFAB22BBA2}.Debug|x64.ActiveCfg = Debug|Any CPU
		{6C7663BC-26FD-4C36-90EC-72FFAB22BBA2}.Debug|x64.Build.0 = Debug|Any CPU
		{6C7663BC-26FD-4C36-90EC-72FFAB22BBA2}.Release|x64.ActiveCfg = Release|Any CPU
		{6C7663BC-26FD-4C36-90EC-72FFAB22BBA2}.Release|x64.Build.0 = Release|Any CPU
		{D341CC4F-FC73-464F-8785-5B31C9FD54BC}.Debug|x64.ActiveCfg = Debug|Any CPU
		{D341CC4F-FC73-464F-8785-5B31C9FD54BC}.Debug|x64.Build.0 = Debug|Any CPU
		{D341CC4F-FC73-464F-8785-5B31C9FD54BC}.Release|x64.ActiveCfg = Release|Any CPU
		{D341CC4F-FC73-464F-8785-5B31C9FD54BC}.Release|x64.Build.0 = Release|Any CPU
		{4033A57B-69C4-44DE-9987-F26DEB9B1E98}.Debug|x64.ActiveCfg = Debug|Any CPU
		{4033A57B-69C4-44DE-9987-F26DEB9B1E98}.Debug|x64.Build.0 = Debug|Any CPU
		{4033A57B-69C4-44DE-9987-F26DEB9B1E98}.Release|x64.ActiveCfg = Release|Any CPU
		{4033A57B-69C4-44DE-9987-F26DEB9B1E98}.Release|x64.Build.0 = Release|Any CPU
		{441214A2-2736-48BB-95A0-0DE1234E99C6}.Debug|x64.ActiveCfg = Debug|Any CPU
		{441214A2-2736-48BB-95A0-0DE1234E99C6}.Debug|x64.Build.0 = Debug|Any CPU
		{441214A2-2736-48BB-95A0-0DE1234E99C6}.Release|x64.ActiveCfg = Release|Any CPU
		{441214A2-2736-48BB-95A0-0DE1234E99C6}.Release|x64.Build.0 = Release|Any CPU
	EndGlobalSection
EndGlobal
